
Microsoft Visual Studio Solution File, Format Version 12.00
# Visual Studio Version 17
VisualStudioVersion = 17.0.31903.59
MinimumVisualStudioVersion = 10.0.40219.1
Project("{2150E333-8FDC-42A3-9474-1A3956D46DE8}") = "src", "src", "{827E0CD3-B72D-47B6-A68D-7590B98EB39B}"
EndProject
Project("{FAE04EC0-301F-11D3-BF4B-00C04F79EFBC}") = "SkyWeave.Core", "src\SkyWeave.Core\SkyWeave.Core.csproj", "{B881F0C6-7FC2-4A96-8FC1-616ACFE9CE5B}"
EndProject
Project("{FAE04EC0-301F-11D3-BF4B-00C04F79EFBC}") = "SkyWeave.SimBridge", "src\SkyWeave.SimBridge\SkyWeave.SimBridge.csproj", "{238B45FA-71F4-4ACF-9F6F-962B983B53C7}"
EndProject
Project("{FAE04EC0-301F-11D3-BF4B-00C04F79EFBC}") = "SkyWeave.App", "src\SkyWeave.App\SkyWeave.App.csproj", "{AC89D249-E4F6-44E7-82CC-8E319BCF63A2}"
EndProject
Project("{2150E333-8FDC-42A3-9474-1A3956D46DE8}") = "tests", "tests", "{0AB3BF05-4346-4AA6-1389-037BE0695223}"
EndProject
Project("{FAE04EC0-301F-11D3-BF4B-00C04F79EFBC}") = "SkyWeave.Core.Tests", "tests\SkyWeave.Core.Tests\SkyWeave.Core.Tests.csproj", "{39ABBA02-9FA2-447A-93D0-76A063B71852}"
EndProject
Project("{FAE04EC0-301F-11D3-BF4B-00C04F79EFBC}") = "SkyWeave.Api", "src\SkyWeave.Api\SkyWeave.Api.csproj", "{3BB772CF-0A33-4960-BC1C-3C12FE2BB967}"
EndProject
Project("{FAE04EC0-301F-11D3-BF4B-00C04F79EFBC}") = "SkyWeave.Api.Tests", "tests\SkyWeave.Api.Tests\SkyWeave.Api.Tests.csproj", "{4DCEF84B-B03B-4ED5-8BC8-8062C941DC26}"
EndProject
Global
	GlobalSection(SolutionConfigurationPlatforms) = preSolution
		Debug|Any CPU = Debug|Any CPU
		Debug|x64 = Debug|x64
		Debug|x86 = Debug|x86
		Release|Any CPU = Release|Any CPU
		Release|x64 = Release|x64
		Release|x86 = Release|x86
	EndGlobalSection
	GlobalSection(ProjectConfigurationPlatforms) = postSolution
		{B881F0C6-7FC2-4A96-8FC1-616ACFE9CE5B}.Debug|Any CPU.ActiveCfg = Debug|Any CPU
		{B881F0C6-7FC2-4A96-8FC1-616ACFE9CE5B}.Debug|Any CPU.Build.0 = Debug|Any CPU
		{B881F0C6-7FC2-4A96-8FC1-616ACFE9CE5B}.Debug|x64.ActiveCfg = Debug|Any CPU
		{B881F0C6-7FC2-4A96-8FC1-616ACFE9CE5B}.Debug|x64.Build.0 = Debug|Any CPU
		{B881F0C6-7FC2-4A96-8FC1-616ACFE9CE5B}.Debug|x86.ActiveCfg = Debug|Any CPU
		{B881F0C6-7FC2-4A96-8FC1-616ACFE9CE5B}.Debug|x86.Build.0 = Debug|Any CPU
		{B881F0C6-7FC2-4A96-8FC1-616ACFE9CE5B}.Release|Any CPU.ActiveCfg = Release|Any CPU
		{B881F0C6-7FC2-4A96-8FC1-616ACFE9CE5B}.Release|Any CPU.Build.0 = Release|Any CPU
		{B881F0C6-7FC2-4A96-8FC1-616ACFE9CE5B}.Release|x64.ActiveCfg = Release|Any CPU
		{B881F0C6-7FC2-4A96-8FC1-616ACFE9CE5B}.Release|x64.Build.0 = Release|Any CPU
		{B881F0C6-7FC2-4A96-8FC1-616ACFE9CE5B}.Release|x86.ActiveCfg = Release|Any CPU
		{B881F0C6-7FC2-4A96-8FC1-616ACFE9CE5B}.Release|x86.Build.0 = Release|Any CPU
		{238B45FA-71F4-4ACF-9F6F-962B983B53C7}.Debug|Any CPU.ActiveCfg = Debug|Any CPU
		{238B45FA-71F4-4ACF-9F6F-962B983B53C7}.Debug|Any CPU.Build.0 = Debug|Any CPU
		{238B45FA-71F4-4ACF-9F6F-962B983B53C7}.Debug|x64.ActiveCfg = Debug|Any CPU
		{238B45FA-71F4-4ACF-9F6F-962B983B53C7}.Debug|x64.Build.0 = Debug|Any CPU
		{238B45FA-71F4-4ACF-9F6F-962B983B53C7}.Debug|x86.ActiveCfg = Debug|Any CPU
		{238B45FA-71F4-4ACF-9F6F-962B983B53C7}.Debug|x86.Build.0 = Debug|Any CPU
		{238B45FA-71F4-4ACF-9F6F-962B983B53C7}.Release|Any CPU.ActiveCfg = Release|Any CPU
		{238B45FA-71F4-4ACF-9F6F-962B983B53C7}.Release|Any CPU.Build.0 = Release|Any CPU
		{238B45FA-71F4-4ACF-9F6F-962B983B53C7}.Release|x64.ActiveCfg = Release|Any CPU
		{238B45FA-71F4-4ACF-9F6F-962B983B53C7}.Release|x64.Build.0 = Release|Any CPU
		{238B45FA-71F4-4ACF-9F6F-962B983B53C7}.Release|x86.ActiveCfg = Release|Any CPU
		{238B45FA-71F4-4ACF-9F6F-962B983B53C7}.Release|x86.Build.0 = Release|Any CPU
		{AC89D249-E4F6-44E7-82CC-8E319BCF63A2}.Debug|Any CPU.ActiveCfg = Debug|Any CPU
		{AC89D249-E4F6-44E7-82CC-8E319BCF63A2}.Debug|Any CPU.Build.0 = Debug|Any CPU
		{AC89D249-E4F6-44E7-82CC-8E319BCF63A2}.Debug|x64.ActiveCfg = Debug|Any CPU
		{AC89D249-E4F6-44E7-82CC-8E319BCF63A2}.Debug|x64.Build.0 = Debug|Any CPU
		{AC89D249-E4F6-44E7-82CC-8E319BCF63A2}.Debug|x86.ActiveCfg = Debug|Any CPU
		{AC89D249-E4F6-44E7-82CC-8E319BCF63A2}.Debug|x86.Build.0 = Debug|Any CPU
		{AC89D249-E4F6-44E7-82CC-8E319BCF63A2}.Release|Any CPU.ActiveCfg = Release|Any CPU
		{AC89D249-E4F6-44E7-82CC-8E319BCF63A2}.Release|Any CPU.Build.0 = Release|Any CPU
		{AC89D249-E4F6-44E7-82CC-8E319BCF63A2}.Release|x64.ActiveCfg = Release|Any CPU
		{AC89D249-E4F6-44E7-82CC-8E319BCF63A2}.Release|x64.Build.0 = Release|Any CPU
		{AC89D249-E4F6-44E7-82CC-8E319BCF63A2}.Release|x86.ActiveCfg = Release|Any CPU
		{AC89D249-E4F6-44E7-82CC-8E319BCF63A2}.Release|x86.Build.0 = Release|Any CPU
		{39ABBA02-9FA2-447A-93D0-76A063B71852}.Debug|Any CPU.ActiveCfg = Debug|Any CPU
		{39ABBA02-9FA2-447A-93D0-76A063B71852}.Debug|Any CPU.Build.0 = Debug|Any CPU
		{39ABBA02-9FA2-447A-93D0-76A063B71852}.Debug|x64.ActiveCfg = Debug|Any CPU
		{39ABBA02-9FA2-447A-93D0-76A063B71852}.Debug|x64.Build.0 = Debug|Any CPU
		{39ABBA02-9FA2-447A-93D0-76A063B71852}.Debug|x86.ActiveCfg = Debug|Any CPU
		{39ABBA02-9FA2-447A-93D0-76A063B71852}.Debug|x86.Build.0 = Debug|Any CPU
		{39ABBA02-9FA2-447A-93D0-76A063B71852}.Release|Any CPU.ActiveCfg = Release|Any CPU
		{39ABBA02-9FA2-447A-93D0-76A063B71852}.Release|Any CPU.Build.0 = Release|Any CPU
		{39ABBA02-9FA2-447A-93D0-76A063B71852}.Release|x64.ActiveCfg = Release|Any CPU
		{39ABBA02-9FA2-447A-93D0-76A063B71852}.Release|x64.Build.0 = Release|Any CPU
		{39ABBA02-9FA2-447A-93D0-76A063B71852}.Release|x86.ActiveCfg = Release|Any CPU
		{39ABBA02-9FA2-447A-93D0-76A063B71852}.Release|x86.Build.0 = Release|Any CPU
		{3BB772CF-0A33-4960-BC1C-3C12FE2BB967}.Debug|Any CPU.ActiveCfg = Debug|Any CPU
		{3BB772CF-0A33-4960-BC1C-3C12FE2BB967}.Debug|Any CPU.Build.0 = Debug|Any CPU
		{3BB772CF-0A33-4960-BC1C-3C12FE2BB967}.Debug|x64.ActiveCfg = Debug|Any CPU
		{3BB772CF-0A33-4960-BC1C-3C12FE2BB967}.Debug|x64.Build.0 = Debug|Any CPU
		{3BB772CF-0A33-4960-BC1C-3C12FE2BB967}.Debug|x86.ActiveCfg = Debug|Any CPU
		{3BB772CF-0A33-4960-BC1C-3C12FE2BB967}.Debug|x86.Build.0 = Debug|Any CPU
		{3BB772CF-0A33-4960-BC1C-3C12FE2BB967}.Release|Any CPU.ActiveCfg = Release|Any CPU
		{3BB772CF-0A33-4960-BC1C-3C12FE2BB967}.Release|Any CPU.Build.0 = Release|Any CPU
		{3BB772CF-0A33-4960-BC1C-3C12FE2BB967}.Release|x64.ActiveCfg = Release|Any CPU
		{3BB772CF-0A33-4960-BC1C-3C12FE2BB967}.Release|x64.Build.0 = Release|Any CPU
		{3BB772CF-0A33-4960-BC1C-3C12FE2BB967}.Release|x86.ActiveCfg = Release|Any CPU
		{3BB772CF-0A33-4960-BC1C-3C12FE2BB967}.Release|x86.Build.0 = Release|Any CPU
		{4DCEF84B-B03B-4ED5-8BC8-8062C941DC26}.Debug|Any CPU.ActiveCfg = Debug|Any CPU
		{4DCEF84B-B03B-4ED5-8BC8-8062C941DC26}.Debug|Any CPU.Build.0 = Debug|Any CPU
		{4DCEF84B-B03B-4ED5-8BC8-8062C941DC26}.Debug|x64.ActiveCfg = Debug|Any CPU
		{4DCEF84B-B03B-4ED5-8BC8-8062C941DC26}.Debug|x64.Build.0 = Debug|Any CPU
		{4DCEF84B-B03B-4ED5-8BC8-8062C941DC26}.Debug|x86.ActiveCfg = Debug|Any CPU
		{4DCEF84B-B03B-4ED5-8BC8-8062C941DC26}.Debug|x86.Build.0 = Debug|Any CPU
		{4DCEF84B-B03B-4ED5-8BC8-8062C941DC26}.Release|Any CPU.ActiveCfg = Release|Any CPU
		{4DCEF84B-B03B-4ED5-8BC8-8062C941DC26}.Release|Any CPU.Build.0 = Release|Any CPU
		{4DCEF84B-B03B-4ED5-8BC8-8062C941DC26}.Release|x64.ActiveCfg = Release|Any CPU
		{4DCEF84B-B03B-4ED5-8BC8-8062C941DC26}.Release|x64.Build.0 = Release|Any CPU
		{4DCEF84B-B03B-4ED5-8BC8-8062C941DC26}.Release|x86.ActiveCfg = Release|Any CPU
		{4DCEF84B-B03B-4ED5-8BC8-8062C941DC26}.Release|x86.Build.0 = Release|Any CPU
	EndGlobalSection
	GlobalSection(SolutionProperties) = preSolution
		HideSolutionNode = FALSE
	EndGlobalSection
	GlobalSection(NestedProjects) = preSolution
		{B881F0C6-7FC2-4A96-8FC1-616ACFE9CE5B} = {827E0CD3-B72D-47B6-A68D-7590B98EB39B}
		{238B45FA-71F4-4ACF-9F6F-962B983B53C7} = {827E0CD3-B72D-47B6-A68D-7590B98EB39B}
		{AC89D249-E4F6-44E7-82CC-8E319BCF63A2} = {827E0CD3-B72D-47B6-A68D-7590B98EB39B}
		{39ABBA02-9FA2-447A-93D0-76A063B71852} = {0AB3BF05-4346-4AA6-1389-037BE0695223}
		{3BB772CF-0A33-4960-BC1C-3C12FE2BB967} = {827E0CD3-B72D-47B6-A68D-7590B98EB39B}
		{4DCEF84B-B03B-4ED5-8BC8-8062C941DC26} = {0AB3BF05-4346-4AA6-1389-037BE0695223}
	EndGlobalSection
EndGlobal
